// !$*UTF8*$!
{
	archiveVersion = 1;
	classes = {
	};
	objectVersion = 56;
	objects = {

/* Begin PBXBuildFile section */
		2E04BE402C0F978D004A775C /* Board_SolverApp.swift in Sources */ = {isa = PBXBuildFile; fileRef = 2E04BE3F2C0F978D004A775C /* Board_SolverApp.swift */; };
		2E04BE442C0F978F004A775C /* Assets.xcassets in Resources */ = {isa = PBXBuildFile; fileRef = 2E04BE432C0F978F004A775C /* Assets.xcassets */; };
		2E04BE512C0F978F004A775C /* Board_SolverTests.swift in Sources */ = {isa = PBXBuildFile; fileRef = 2E04BE502C0F978F004A775C /* Board_SolverTests.swift */; };
		2E04BE5B2C0F978F004A775C /* Board_SolverUITests.swift in Sources */ = {isa = PBXBuildFile; fileRef = 2E04BE5A2C0F978F004A775C /* Board_SolverUITests.swift */; };
		2E04BE5D2C0F978F004A775C /* Board_SolverUITestsLaunchTests.swift in Sources */ = {isa = PBXBuildFile; fileRef = 2E04BE5C2C0F978F004A775C /* Board_SolverUITestsLaunchTests.swift */; };
		2E5ED9782C3B30B200F12A1B /* Connect4 2 Iteration 310.mlmodel in Sources */ = {isa = PBXBuildFile; fileRef = 2E5ED9772C3B30B200F12A1B /* Connect4 2 Iteration 310.mlmodel */; };
		2E5ED9812C3DB70C00F12A1B /* solver.swift in Sources */ = {isa = PBXBuildFile; fileRef = 2E5ED97C2C3DB70C00F12A1B /* solver.swift */; };
		2E5ED9832C3DB70C00F12A1B /* moveSorter.swift in Sources */ = {isa = PBXBuildFile; fileRef = 2E5ED97E2C3DB70C00F12A1B /* moveSorter.swift */; };
		2E5ED9842C3DB70C00F12A1B /* entry.swift in Sources */ = {isa = PBXBuildFile; fileRef = 2E5ED97F2C3DB70C00F12A1B /* entry.swift */; };
		2E5ED9852C3DB70C00F12A1B /* position.swift in Sources */ = {isa = PBXBuildFile; fileRef = 2E5ED9802C3DB70C00F12A1B /* position.swift */; };
		2E5ED9892C3DB73E00F12A1B /* transpositionTable.swift in Sources */ = {isa = PBXBuildFile; fileRef = 2E5ED9882C3DB73E00F12A1B /* transpositionTable.swift */; };
		2E8B6C572C2208F600FBAF69 /* BoardView.swift in Sources */ = {isa = PBXBuildFile; fileRef = 2E8B6C562C2208F600FBAF69 /* BoardView.swift */; };
		2E8B6C9A2C2F23CF00FBAF69 /* Connect4 1 Iteration 500.mlpackage in Sources */ = {isa = PBXBuildFile; fileRef = 2E8B6C992C2F23CF00FBAF69 /* Connect4 1 Iteration 500.mlpackage */; };
		2E9AC7242CA35C7F003EC293 /* ScrambleBoardView.swift in Sources */ = {isa = PBXBuildFile; fileRef = 2E9AC7232CA35C7F003EC293 /* ScrambleBoardView.swift */; };
		2EA0FE8E2C46E207001E1F8C /* KoHo-Medium.ttf in Resources */ = {isa = PBXBuildFile; fileRef = 2EA0FE8D2C46E207001E1F8C /* KoHo-Medium.ttf */; };
		2EA0FE932C46F0BB001E1F8C /* AboutView.swift in Sources */ = {isa = PBXBuildFile; fileRef = 2EA0FE922C46F0BB001E1F8C /* AboutView.swift */; };
		2EA0FE952C46F48C001E1F8C /* WordScrambleMenuView.swift in Sources */ = {isa = PBXBuildFile; fileRef = 2EA0FE942C46F48C001E1F8C /* WordScrambleMenuView.swift */; };
		2EBAC1602C46CDDE001404D4 /* LaunchScreen.storyboard in Resources */ = {isa = PBXBuildFile; fileRef = 2EBAC15F2C46CDDE001404D4 /* LaunchScreen.storyboard */; };
		2EE7F5442C5D52F7007B4F2C /* SolverView.swift in Sources */ = {isa = PBXBuildFile; fileRef = 2EE7F5432C5D52F7007B4F2C /* SolverView.swift */; };
		2EE7F5482C5D565B007B4F2C /* BufferView.swift in Sources */ = {isa = PBXBuildFile; fileRef = 2EE7F5472C5D565B007B4F2C /* BufferView.swift */; };
		FA10923D2C1377F7005AD2FE /* .gitignore in Resources */ = {isa = PBXBuildFile; fileRef = FA10923C2C1377F7005AD2FE /* .gitignore */; };
		FA12DC052C41A8B900E7D60F /* MenuView.swift in Sources */ = {isa = PBXBuildFile; fileRef = FA12DC042C41A8B900E7D60F /* MenuView.swift */; };
		FA12DC092C41A98700E7D60F /* FourInARowMenuView.swift in Sources */ = {isa = PBXBuildFile; fileRef = FA12DC082C41A98700E7D60F /* FourInARowMenuView.swift */; };
		FA15B5592C22006D007DE6B6 /* ImageClassifier.swift in Sources */ = {isa = PBXBuildFile; fileRef = FA15B5582C22006D007DE6B6 /* ImageClassifier.swift */; };
		FA15B56E2C220FDC007DE6B6 /* Classifier.swift in Sources */ = {isa = PBXBuildFile; fileRef = FA15B56D2C220FDC007DE6B6 /* Classifier.swift */; };
		FAC4715E2C2B380500EE6D97 /* Board.swift in Sources */ = {isa = PBXBuildFile; fileRef = FAC4715D2C2B380500EE6D97 /* Board.swift */; };
/* End PBXBuildFile section */

/* Begin PBXContainerItemProxy section */
		2E04BE4D2C0F978F004A775C /* PBXContainerItemProxy */ = {
			isa = PBXContainerItemProxy;
			containerPortal = 2E04BE342C0F978D004A775C /* Project object */;
			proxyType = 1;
			remoteGlobalIDString = 2E04BE3B2C0F978D004A775C;
			remoteInfo = "Board Solver";
		};
		2E04BE572C0F978F004A775C /* PBXContainerItemProxy */ = {
			isa = PBXContainerItemProxy;
			containerPortal = 2E04BE342C0F978D004A775C /* Project object */;
			proxyType = 1;
			remoteGlobalIDString = 2E04BE3B2C0F978D004A775C;
			remoteInfo = "Board Solver";
		};
/* End PBXContainerItemProxy section */

/* Begin PBXFileReference section */
		2E04BE3C2C0F978D004A775C /* Board Solver.app */ = {isa = PBXFileReference; explicitFileType = wrapper.application; includeInIndex = 0; path = "Board Solver.app"; sourceTree = BUILT_PRODUCTS_DIR; };
		2E04BE3F2C0F978D004A775C /* Board_SolverApp.swift */ = {isa = PBXFileReference; lastKnownFileType = sourcecode.swift; path = Board_SolverApp.swift; sourceTree = "<group>"; };
		2E04BE432C0F978F004A775C /* Assets.xcassets */ = {isa = PBXFileReference; lastKnownFileType = folder.assetcatalog; path = Assets.xcassets; sourceTree = "<group>"; };
		2E04BE4C2C0F978F004A775C /* Board SolverTests.xctest */ = {isa = PBXFileReference; explicitFileType = wrapper.cfbundle; includeInIndex = 0; path = "Board SolverTests.xctest"; sourceTree = BUILT_PRODUCTS_DIR; };
		2E04BE502C0F978F004A775C /* Board_SolverTests.swift */ = {isa = PBXFileReference; lastKnownFileType = sourcecode.swift; path = Board_SolverTests.swift; sourceTree = "<group>"; };
		2E04BE562C0F978F004A775C /* Board SolverUITests.xctest */ = {isa = PBXFileReference; explicitFileType = wrapper.cfbundle; includeInIndex = 0; path = "Board SolverUITests.xctest"; sourceTree = BUILT_PRODUCTS_DIR; };
		2E04BE5A2C0F978F004A775C /* Board_SolverUITests.swift */ = {isa = PBXFileReference; lastKnownFileType = sourcecode.swift; path = Board_SolverUITests.swift; sourceTree = "<group>"; };
		2E04BE5C2C0F978F004A775C /* Board_SolverUITestsLaunchTests.swift */ = {isa = PBXFileReference; lastKnownFileType = sourcecode.swift; path = Board_SolverUITestsLaunchTests.swift; sourceTree = "<group>"; };
		2E5ED9772C3B30B200F12A1B /* Connect4 2 Iteration 310.mlmodel */ = {isa = PBXFileReference; lastKnownFileType = file.mlmodel; path = "Connect4 2 Iteration 310.mlmodel"; sourceTree = "<group>"; };
		2E5ED97C2C3DB70C00F12A1B /* solver.swift */ = {isa = PBXFileReference; fileEncoding = 4; lastKnownFileType = sourcecode.swift; path = solver.swift; sourceTree = "<group>"; };
		2E5ED97E2C3DB70C00F12A1B /* moveSorter.swift */ = {isa = PBXFileReference; fileEncoding = 4; lastKnownFileType = sourcecode.swift; path = moveSorter.swift; sourceTree = "<group>"; };
		2E5ED97F2C3DB70C00F12A1B /* entry.swift */ = {isa = PBXFileReference; fileEncoding = 4; lastKnownFileType = sourcecode.swift; path = entry.swift; sourceTree = "<group>"; };
		2E5ED9802C3DB70C00F12A1B /* position.swift */ = {isa = PBXFileReference; fileEncoding = 4; lastKnownFileType = sourcecode.swift; path = position.swift; sourceTree = "<group>"; };
		2E5ED9882C3DB73E00F12A1B /* transpositionTable.swift */ = {isa = PBXFileReference; lastKnownFileType = sourcecode.swift; path = transpositionTable.swift; sourceTree = "<group>"; };
		2E8B6C562C2208F600FBAF69 /* BoardView.swift */ = {isa = PBXFileReference; lastKnownFileType = sourcecode.swift; path = BoardView.swift; sourceTree = "<group>"; };
		2E8B6C992C2F23CF00FBAF69 /* Connect4 1 Iteration 500.mlpackage */ = {isa = PBXFileReference; lastKnownFileType = folder.mlpackage; path = "Connect4 1 Iteration 500.mlpackage"; sourceTree = "<group>"; };
		2E9AC7232CA35C7F003EC293 /* ScrambleBoardView.swift */ = {isa = PBXFileReference; lastKnownFileType = sourcecode.swift; path = ScrambleBoardView.swift; sourceTree = "<group>"; };
		2EA0FE8D2C46E207001E1F8C /* KoHo-Medium.ttf */ = {isa = PBXFileReference; lastKnownFileType = file; path = "KoHo-Medium.ttf"; sourceTree = "<group>"; };
		2EA0FE8F2C46E28C001E1F8C /* Board-Solver-Info.plist */ = {isa = PBXFileReference; lastKnownFileType = text.plist; path = "Board-Solver-Info.plist"; sourceTree = SOURCE_ROOT; };
		2EA0FE922C46F0BB001E1F8C /* AboutView.swift */ = {isa = PBXFileReference; lastKnownFileType = sourcecode.swift; path = AboutView.swift; sourceTree = "<group>"; };
		2EA0FE942C46F48C001E1F8C /* WordScrambleMenuView.swift */ = {isa = PBXFileReference; lastKnownFileType = sourcecode.swift; path = WordScrambleMenuView.swift; sourceTree = "<group>"; };
		2EBAC15F2C46CDDE001404D4 /* LaunchScreen.storyboard */ = {isa = PBXFileReference; lastKnownFileType = file.storyboard; path = LaunchScreen.storyboard; sourceTree = "<group>"; };
		2EE7F5432C5D52F7007B4F2C /* SolverView.swift */ = {isa = PBXFileReference; lastKnownFileType = sourcecode.swift; path = SolverView.swift; sourceTree = "<group>"; };
		2EE7F5472C5D565B007B4F2C /* BufferView.swift */ = {isa = PBXFileReference; lastKnownFileType = sourcecode.swift; path = BufferView.swift; sourceTree = "<group>"; };
		FA10923C2C1377F7005AD2FE /* .gitignore */ = {isa = PBXFileReference; lastKnownFileType = text; path = .gitignore; sourceTree = "<group>"; };
		FA12DC042C41A8B900E7D60F /* MenuView.swift */ = {isa = PBXFileReference; lastKnownFileType = sourcecode.swift; path = MenuView.swift; sourceTree = "<group>"; };
		FA12DC082C41A98700E7D60F /* FourInARowMenuView.swift */ = {isa = PBXFileReference; lastKnownFileType = sourcecode.swift; path = FourInARowMenuView.swift; sourceTree = "<group>"; };
		FA15B5582C22006D007DE6B6 /* ImageClassifier.swift */ = {isa = PBXFileReference; lastKnownFileType = sourcecode.swift; path = ImageClassifier.swift; sourceTree = "<group>"; };
		FA15B56D2C220FDC007DE6B6 /* Classifier.swift */ = {isa = PBXFileReference; lastKnownFileType = sourcecode.swift; path = Classifier.swift; sourceTree = "<group>"; };
		FAC4715D2C2B380500EE6D97 /* Board.swift */ = {isa = PBXFileReference; lastKnownFileType = sourcecode.swift; path = Board.swift; sourceTree = "<group>"; };
/* End PBXFileReference section */

/* Begin PBXFrameworksBuildPhase section */
		2E04BE392C0F978D004A775C /* Frameworks */ = {
			isa = PBXFrameworksBuildPhase;
			buildActionMask = 2147483647;
			files = (
			);
			runOnlyForDeploymentPostprocessing = 0;
		};
		2E04BE492C0F978F004A775C /* Frameworks */ = {
			isa = PBXFrameworksBuildPhase;
			buildActionMask = 2147483647;
			files = (
			);
			runOnlyForDeploymentPostprocessing = 0;
		};
		2E04BE532C0F978F004A775C /* Frameworks */ = {
			isa = PBXFrameworksBuildPhase;
			buildActionMask = 2147483647;
			files = (
			);
			runOnlyForDeploymentPostprocessing = 0;
		};
/* End PBXFrameworksBuildPhase section */

/* Begin PBXGroup section */
		2E04BE332C0F978D004A775C = {
			isa = PBXGroup;
			children = (
				FA10923C2C1377F7005AD2FE /* .gitignore */,
				2E04BE3E2C0F978D004A775C /* Board Solver */,
				2E04BE4F2C0F978F004A775C /* Board SolverTests */,
				2E04BE592C0F978F004A775C /* Board SolverUITests */,
				2E04BE3D2C0F978D004A775C /* Products */,
			);
			sourceTree = "<group>";
		};
		2E04BE3D2C0F978D004A775C /* Products */ = {
			isa = PBXGroup;
			children = (
				2E04BE3C2C0F978D004A775C /* Board Solver.app */,
				2E04BE4C2C0F978F004A775C /* Board SolverTests.xctest */,
				2E04BE562C0F978F004A775C /* Board SolverUITests.xctest */,
			);
			name = Products;
			sourceTree = "<group>";
		};
		2E04BE3E2C0F978D004A775C /* Board Solver */ = {
			isa = PBXGroup;
			children = (
				2EA0FE8F2C46E28C001E1F8C /* Board-Solver-Info.plist */,
				2EA0FE8A2C46E11E001E1F8C /* Fonts */,
				2E5ED97B2C3DB6F200F12A1B /* Connect4Solver */,
				FAC4715C2C2B37F600EE6D97 /* Data Types */,
				2E8B6C992C2F23CF00FBAF69 /* Connect4 1 Iteration 500.mlpackage */,
				2E5ED9772C3B30B200F12A1B /* Connect4 2 Iteration 310.mlmodel */,
				FA15B56C2C220FA5007DE6B6 /* Classifiers */,
				FA960B192C1390C500D5099C /* Views */,
				2E04BE6B2C138BB1004A775C /* Preview Content */,
				2E04BE3F2C0F978D004A775C /* Board_SolverApp.swift */,
				2EBAC15F2C46CDDE001404D4 /* LaunchScreen.storyboard */,
			);
			path = "Board Solver";
			sourceTree = "<group>";
		};
		2E04BE4F2C0F978F004A775C /* Board SolverTests */ = {
			isa = PBXGroup;
			children = (
				2E04BE502C0F978F004A775C /* Board_SolverTests.swift */,
			);
			path = "Board SolverTests";
			sourceTree = "<group>";
		};
		2E04BE592C0F978F004A775C /* Board SolverUITests */ = {
			isa = PBXGroup;
			children = (
				2E04BE5A2C0F978F004A775C /* Board_SolverUITests.swift */,
				2E04BE5C2C0F978F004A775C /* Board_SolverUITestsLaunchTests.swift */,
			);
			path = "Board SolverUITests";
			sourceTree = "<group>";
		};
		2E04BE6B2C138BB1004A775C /* Preview Content */ = {
			isa = PBXGroup;
			children = (
				2E04BE432C0F978F004A775C /* Assets.xcassets */,
			);
			path = "Preview Content";
			sourceTree = "<group>";
		};
		2E5ED97B2C3DB6F200F12A1B /* Connect4Solver */ = {
			isa = PBXGroup;
			children = (
				2E5ED97F2C3DB70C00F12A1B /* entry.swift */,
				2E5ED97E2C3DB70C00F12A1B /* moveSorter.swift */,
				2E5ED9802C3DB70C00F12A1B /* position.swift */,
				2E5ED97C2C3DB70C00F12A1B /* solver.swift */,
				2E5ED9882C3DB73E00F12A1B /* transpositionTable.swift */,
			);
			path = Connect4Solver;
			sourceTree = "<group>";
		};
		2EA0FE8A2C46E11E001E1F8C /* Fonts */ = {
			isa = PBXGroup;
			children = (
				2EA0FE8D2C46E207001E1F8C /* KoHo-Medium.ttf */,
			);
			path = Fonts;
			sourceTree = "<group>";
		};
		FA15B56C2C220FA5007DE6B6 /* Classifiers */ = {
			isa = PBXGroup;
			children = (
				FA15B5582C22006D007DE6B6 /* ImageClassifier.swift */,
				FA15B56D2C220FDC007DE6B6 /* Classifier.swift */,
			);
			path = Classifiers;
			sourceTree = "<group>";
		};
		FA960B192C1390C500D5099C /* Views */ = {
			isa = PBXGroup;
			children = (
				2E8B6C562C2208F600FBAF69 /* BoardView.swift */,
				2E9AC7232CA35C7F003EC293 /* ScrambleBoardView.swift */,
				FA12DC042C41A8B900E7D60F /* MenuView.swift */,
				FA12DC082C41A98700E7D60F /* FourInARowMenuView.swift */,
				2EA0FE922C46F0BB001E1F8C /* AboutView.swift */,
				2EA0FE942C46F48C001E1F8C /* WordScrambleMenuView.swift */,
				2EE7F5432C5D52F7007B4F2C /* SolverView.swift */,
				2EE7F5472C5D565B007B4F2C /* BufferView.swift */,
			);
			path = Views;
			sourceTree = "<group>";
		};
		FAC4715C2C2B37F600EE6D97 /* Data Types */ = {
			isa = PBXGroup;
			children = (
				FAC4715D2C2B380500EE6D97 /* Board.swift */,
			);
			path = "Data Types";
			sourceTree = "<group>";
		};
/* End PBXGroup section */

/* Begin PBXNativeTarget section */
		2E04BE3B2C0F978D004A775C /* Board Solver */ = {
			isa = PBXNativeTarget;
			buildConfigurationList = 2E04BE602C0F978F004A775C /* Build configuration list for PBXNativeTarget "Board Solver" */;
			buildPhases = (
				2E04BE382C0F978D004A775C /* Sources */,
				2E04BE392C0F978D004A775C /* Frameworks */,
				2E04BE3A2C0F978D004A775C /* Resources */,
			);
			buildRules = (
			);
			dependencies = (
			);
			name = "Board Solver";
			packageProductDependencies = (
			);
			productName = "Board Solver";
			productReference = 2E04BE3C2C0F978D004A775C /* Board Solver.app */;
			productType = "com.apple.product-type.application";
		};
		2E04BE4B2C0F978F004A775C /* Board SolverTests */ = {
			isa = PBXNativeTarget;
			buildConfigurationList = 2E04BE632C0F978F004A775C /* Build configuration list for PBXNativeTarget "Board SolverTests" */;
			buildPhases = (
				2E04BE482C0F978F004A775C /* Sources */,
				2E04BE492C0F978F004A775C /* Frameworks */,
				2E04BE4A2C0F978F004A775C /* Resources */,
			);
			buildRules = (
			);
			dependencies = (
				2E04BE4E2C0F978F004A775C /* PBXTargetDependency */,
			);
			name = "Board SolverTests";
			productName = "Board SolverTests";
			productReference = 2E04BE4C2C0F978F004A775C /* Board SolverTests.xctest */;
			productType = "com.apple.product-type.bundle.unit-test";
		};
		2E04BE552C0F978F004A775C /* Board SolverUITests */ = {
			isa = PBXNativeTarget;
			buildConfigurationList = 2E04BE662C0F978F004A775C /* Build configuration list for PBXNativeTarget "Board SolverUITests" */;
			buildPhases = (
				2E04BE522C0F978F004A775C /* Sources */,
				2E04BE532C0F978F004A775C /* Frameworks */,
				2E04BE542C0F978F004A775C /* Resources */,
			);
			buildRules = (
			);
			dependencies = (
				2E04BE582C0F978F004A775C /* PBXTargetDependency */,
			);
			name = "Board SolverUITests";
			productName = "Board SolverUITests";
			productReference = 2E04BE562C0F978F004A775C /* Board SolverUITests.xctest */;
			productType = "com.apple.product-type.bundle.ui-testing";
		};
/* End PBXNativeTarget section */

/* Begin PBXProject section */
		2E04BE342C0F978D004A775C /* Project object */ = {
			isa = PBXProject;
			attributes = {
				BuildIndependentTargetsInParallel = 1;
				LastSwiftUpdateCheck = 1520;
				LastUpgradeCheck = 1520;
				TargetAttributes = {
					2E04BE3B2C0F978D004A775C = {
						CreatedOnToolsVersion = 15.2;
					};
					2E04BE4B2C0F978F004A775C = {
						CreatedOnToolsVersion = 15.2;
						TestTargetID = 2E04BE3B2C0F978D004A775C;
					};
					2E04BE552C0F978F004A775C = {
						CreatedOnToolsVersion = 15.2;
						TestTargetID = 2E04BE3B2C0F978D004A775C;
					};
				};
			};
			buildConfigurationList = 2E04BE372C0F978D004A775C /* Build configuration list for PBXProject "Board Solver" */;
			compatibilityVersion = "Xcode 14.0";
			developmentRegion = en;
			hasScannedForEncodings = 0;
			knownRegions = (
				en,
				Base,
			);
			mainGroup = 2E04BE332C0F978D004A775C;
			packageReferences = (
			);
			productRefGroup = 2E04BE3D2C0F978D004A775C /* Products */;
			projectDirPath = "";
			projectRoot = "";
			targets = (
				2E04BE3B2C0F978D004A775C /* Board Solver */,
				2E04BE4B2C0F978F004A775C /* Board SolverTests */,
				2E04BE552C0F978F004A775C /* Board SolverUITests */,
			);
		};
/* End PBXProject section */

/* Begin PBXResourcesBuildPhase section */
		2E04BE3A2C0F978D004A775C /* Resources */ = {
			isa = PBXResourcesBuildPhase;
			buildActionMask = 2147483647;
			files = (
				2EBAC1602C46CDDE001404D4 /* LaunchScreen.storyboard in Resources */,
				FA10923D2C1377F7005AD2FE /* .gitignore in Resources */,
				2EA0FE8E2C46E207001E1F8C /* KoHo-Medium.ttf in Resources */,
				2E04BE442C0F978F004A775C /* Assets.xcassets in Resources */,
			);
			runOnlyForDeploymentPostprocessing = 0;
		};
		2E04BE4A2C0F978F004A775C /* Resources */ = {
			isa = PBXResourcesBuildPhase;
			buildActionMask = 2147483647;
			files = (
			);
			runOnlyForDeploymentPostprocessing = 0;
		};
		2E04BE542C0F978F004A775C /* Resources */ = {
			isa = PBXResourcesBuildPhase;
			buildActionMask = 2147483647;
			files = (
			);
			runOnlyForDeploymentPostprocessing = 0;
		};
/* End PBXResourcesBuildPhase section */

/* Begin PBXSourcesBuildPhase section */
		2E04BE382C0F978D004A775C /* Sources */ = {
			isa = PBXSourcesBuildPhase;
			buildActionMask = 2147483647;
			files = (
				2EE7F5442C5D52F7007B4F2C /* SolverView.swift in Sources */,
				FA15B56E2C220FDC007DE6B6 /* Classifier.swift in Sources */,
				2EA0FE932C46F0BB001E1F8C /* AboutView.swift in Sources */,
				2E5ED9782C3B30B200F12A1B /* Connect4 2 Iteration 310.mlmodel in Sources */,
				2E8B6C9A2C2F23CF00FBAF69 /* Connect4 1 Iteration 500.mlpackage in Sources */,
				FA15B5592C22006D007DE6B6 /* ImageClassifier.swift in Sources */,
				2EE7F5482C5D565B007B4F2C /* BufferView.swift in Sources */,
				2EA0FE952C46F48C001E1F8C /* WordScrambleMenuView.swift in Sources */,
				2E5ED9812C3DB70C00F12A1B /* solver.swift in Sources */,
				2E8B6C572C2208F600FBAF69 /* BoardView.swift in Sources */,
				FA12DC052C41A8B900E7D60F /* MenuView.swift in Sources */,
				2E9AC7242CA35C7F003EC293 /* ScrambleBoardView.swift in Sources */,
				2E5ED9842C3DB70C00F12A1B /* entry.swift in Sources */,
				FA12DC092C41A98700E7D60F /* FourInARowMenuView.swift in Sources */,
				2E5ED9832C3DB70C00F12A1B /* moveSorter.swift in Sources */,
				FAC4715E2C2B380500EE6D97 /* Board.swift in Sources */,
				2E5ED9852C3DB70C00F12A1B /* position.swift in Sources */,
				2E5ED9892C3DB73E00F12A1B /* transpositionTable.swift in Sources */,
				2E04BE402C0F978D004A775C /* Board_SolverApp.swift in Sources */,
			);
			runOnlyForDeploymentPostprocessing = 0;
		};
		2E04BE482C0F978F004A775C /* Sources */ = {
			isa = PBXSourcesBuildPhase;
			buildActionMask = 2147483647;
			files = (
				2E04BE512C0F978F004A775C /* Board_SolverTests.swift in Sources */,
			);
			runOnlyForDeploymentPostprocessing = 0;
		};
		2E04BE522C0F978F004A775C /* Sources */ = {
			isa = PBXSourcesBuildPhase;
			buildActionMask = 2147483647;
			files = (
				2E04BE5D2C0F978F004A775C /* Board_SolverUITestsLaunchTests.swift in Sources */,
				2E04BE5B2C0F978F004A775C /* Board_SolverUITests.swift in Sources */,
			);
			runOnlyForDeploymentPostprocessing = 0;
		};
/* End PBXSourcesBuildPhase section */

/* Begin PBXTargetDependency section */
		2E04BE4E2C0F978F004A775C /* PBXTargetDependency */ = {
			isa = PBXTargetDependency;
			target = 2E04BE3B2C0F978D004A775C /* Board Solver */;
			targetProxy = 2E04BE4D2C0F978F004A775C /* PBXContainerItemProxy */;
		};
		2E04BE582C0F978F004A775C /* PBXTargetDependency */ = {
			isa = PBXTargetDependency;
			target = 2E04BE3B2C0F978D004A775C /* Board Solver */;
			targetProxy = 2E04BE572C0F978F004A775C /* PBXContainerItemProxy */;
		};
/* End PBXTargetDependency section */

/* Begin XCBuildConfiguration section */
		2E04BE5E2C0F978F004A775C /* Debug */ = {
			isa = XCBuildConfiguration;
			buildSettings = {
				ALWAYS_SEARCH_USER_PATHS = NO;
				ASSETCATALOG_COMPILER_GENERATE_SWIFT_ASSET_SYMBOL_EXTENSIONS = YES;
				CLANG_ANALYZER_NONNULL = YES;
				CLANG_ANALYZER_NUMBER_OBJECT_CONVERSION = YES_AGGRESSIVE;
				CLANG_CXX_LANGUAGE_STANDARD = "gnu++20";
				CLANG_ENABLE_MODULES = YES;
				CLANG_ENABLE_OBJC_ARC = YES;
				CLANG_ENABLE_OBJC_WEAK = YES;
				CLANG_WARN_BLOCK_CAPTURE_AUTORELEASING = YES;
				CLANG_WARN_BOOL_CONVERSION = YES;
				CLANG_WARN_COMMA = YES;
				CLANG_WARN_CONSTANT_CONVERSION = YES;
				CLANG_WARN_DEPRECATED_OBJC_IMPLEMENTATIONS = YES;
				CLANG_WARN_DIRECT_OBJC_ISA_USAGE = YES_ERROR;
				CLANG_WARN_DOCUMENTATION_COMMENTS = YES;
				CLANG_WARN_EMPTY_BODY = YES;
				CLANG_WARN_ENUM_CONVERSION = YES;
				CLANG_WARN_INFINITE_RECURSION = YES;
				CLANG_WARN_INT_CONVERSION = YES;
				CLANG_WARN_NON_LITERAL_NULL_CONVERSION = YES;
				CLANG_WARN_OBJC_IMPLICIT_RETAIN_SELF = YES;
				CLANG_WARN_OBJC_LITERAL_CONVERSION = YES;
				CLANG_WARN_OBJC_ROOT_CLASS = YES_ERROR;
				CLANG_WARN_QUOTED_INCLUDE_IN_FRAMEWORK_HEADER = YES;
				CLANG_WARN_RANGE_LOOP_ANALYSIS = YES;
				CLANG_WARN_STRICT_PROTOTYPES = YES;
				CLANG_WARN_SUSPICIOUS_MOVE = YES;
				CLANG_WARN_UNGUARDED_AVAILABILITY = YES_AGGRESSIVE;
				CLANG_WARN_UNREACHABLE_CODE = YES;
				CLANG_WARN__DUPLICATE_METHOD_MATCH = YES;
				COPY_PHASE_STRIP = NO;
				DEBUG_INFORMATION_FORMAT = dwarf;
				ENABLE_STRICT_OBJC_MSGSEND = YES;
				ENABLE_TESTABILITY = YES;
				ENABLE_USER_SCRIPT_SANDBOXING = YES;
				GCC_C_LANGUAGE_STANDARD = gnu17;
				GCC_DYNAMIC_NO_PIC = NO;
				GCC_NO_COMMON_BLOCKS = YES;
				GCC_OPTIMIZATION_LEVEL = 0;
				GCC_PREPROCESSOR_DEFINITIONS = (
					"DEBUG=1",
					"$(inherited)",
				);
				GCC_WARN_64_TO_32_BIT_CONVERSION = YES;
				GCC_WARN_ABOUT_RETURN_TYPE = YES_ERROR;
				GCC_WARN_UNDECLARED_SELECTOR = YES;
				GCC_WARN_UNINITIALIZED_AUTOS = YES_AGGRESSIVE;
				GCC_WARN_UNUSED_FUNCTION = YES;
				GCC_WARN_UNUSED_VARIABLE = YES;
				IPHONEOS_DEPLOYMENT_TARGET = 17.2;
				LOCALIZATION_PREFERS_STRING_CATALOGS = YES;
				MTL_ENABLE_DEBUG_INFO = INCLUDE_SOURCE;
				MTL_FAST_MATH = YES;
				ONLY_ACTIVE_ARCH = YES;
				SDKROOT = iphoneos;
				SWIFT_ACTIVE_COMPILATION_CONDITIONS = "DEBUG $(inherited)";
				SWIFT_OPTIMIZATION_LEVEL = "-Onone";
			};
			name = Debug;
		};
		2E04BE5F2C0F978F004A775C /* Release */ = {
			isa = XCBuildConfiguration;
			buildSettings = {
				ALWAYS_SEARCH_USER_PATHS = NO;
				ASSETCATALOG_COMPILER_GENERATE_SWIFT_ASSET_SYMBOL_EXTENSIONS = YES;
				CLANG_ANALYZER_NONNULL = YES;
				CLANG_ANALYZER_NUMBER_OBJECT_CONVERSION = YES_AGGRESSIVE;
				CLANG_CXX_LANGUAGE_STANDARD = "gnu++20";
				CLANG_ENABLE_MODULES = YES;
				CLANG_ENABLE_OBJC_ARC = YES;
				CLANG_ENABLE_OBJC_WEAK = YES;
				CLANG_WARN_BLOCK_CAPTURE_AUTORELEASING = YES;
				CLANG_WARN_BOOL_CONVERSION = YES;
				CLANG_WARN_COMMA = YES;
				CLANG_WARN_CONSTANT_CONVERSION = YES;
				CLANG_WARN_DEPRECATED_OBJC_IMPLEMENTATIONS = YES;
				CLANG_WARN_DIRECT_OBJC_ISA_USAGE = YES_ERROR;
				CLANG_WARN_DOCUMENTATION_COMMENTS = YES;
				CLANG_WARN_EMPTY_BODY = YES;
				CLANG_WARN_ENUM_CONVERSION = YES;
				CLANG_WARN_INFINITE_RECURSION = YES;
				CLANG_WARN_INT_CONVERSION = YES;
				CLANG_WARN_NON_LITERAL_NULL_CONVERSION = YES;
				CLANG_WARN_OBJC_IMPLICIT_RETAIN_SELF = YES;
				CLANG_WARN_OBJC_LITERAL_CONVERSION = YES;
				CLANG_WARN_OBJC_ROOT_CLASS = YES_ERROR;
				CLANG_WARN_QUOTED_INCLUDE_IN_FRAMEWORK_HEADER = YES;
				CLANG_WARN_RANGE_LOOP_ANALYSIS = YES;
				CLANG_WARN_STRICT_PROTOTYPES = YES;
				CLANG_WARN_SUSPICIOUS_MOVE = YES;
				CLANG_WARN_UNGUARDED_AVAILABILITY = YES_AGGRESSIVE;
				CLANG_WARN_UNREACHABLE_CODE = YES;
				CLANG_WARN__DUPLICATE_METHOD_MATCH = YES;
				COPY_PHASE_STRIP = NO;
				DEBUG_INFORMATION_FORMAT = "dwarf-with-dsym";
				ENABLE_NS_ASSERTIONS = NO;
				ENABLE_STRICT_OBJC_MSGSEND = YES;
				ENABLE_USER_SCRIPT_SANDBOXING = YES;
				GCC_C_LANGUAGE_STANDARD = gnu17;
				GCC_NO_COMMON_BLOCKS = YES;
				GCC_WARN_64_TO_32_BIT_CONVERSION = YES;
				GCC_WARN_ABOUT_RETURN_TYPE = YES_ERROR;
				GCC_WARN_UNDECLARED_SELECTOR = YES;
				GCC_WARN_UNINITIALIZED_AUTOS = YES_AGGRESSIVE;
				GCC_WARN_UNUSED_FUNCTION = YES;
				GCC_WARN_UNUSED_VARIABLE = YES;
				IPHONEOS_DEPLOYMENT_TARGET = 17.2;
				LOCALIZATION_PREFERS_STRING_CATALOGS = YES;
				MTL_ENABLE_DEBUG_INFO = NO;
				MTL_FAST_MATH = YES;
				SDKROOT = iphoneos;
				SWIFT_COMPILATION_MODE = wholemodule;
				VALIDATE_PRODUCT = YES;
			};
			name = Release;
		};
		2E04BE612C0F978F004A775C /* Debug */ = {
			isa = XCBuildConfiguration;
			buildSettings = {
				ASSETCATALOG_COMPILER_APPICON_NAME = AppIcon;
				ASSETCATALOG_COMPILER_GLOBAL_ACCENT_COLOR_NAME = AccentColor;
				CODE_SIGN_STYLE = Automatic;
				CURRENT_PROJECT_VERSION = 1;
				DEVELOPMENT_ASSET_PATHS = "\"Board Solver/Preview Content\"";
				DEVELOPMENT_TEAM = 97VF596VP5;
				ENABLE_PREVIEWS = YES;
				GENERATE_INFOPLIST_FILE = YES;
				INFOPLIST_FILE = "Board-Solver-Info.plist";
				INFOPLIST_KEY_NSCameraUsageDescription = "To scan game board";
				INFOPLIST_KEY_UIApplicationSceneManifest_Generation = YES;
				INFOPLIST_KEY_UIApplicationSupportsIndirectInputEvents = YES;
				INFOPLIST_KEY_UILaunchScreen_Generation = YES;
				INFOPLIST_KEY_UILaunchStoryboardName = LaunchScreen.storyboard;
				INFOPLIST_KEY_UISupportedInterfaceOrientations_iPad = "UIInterfaceOrientationPortrait UIInterfaceOrientationPortraitUpsideDown UIInterfaceOrientationLandscapeLeft UIInterfaceOrientationLandscapeRight";
				INFOPLIST_KEY_UISupportedInterfaceOrientations_iPhone = UIInterfaceOrientationPortrait;
				LD_RUNPATH_SEARCH_PATHS = (
					"$(inherited)",
					"@executable_path/Frameworks",
				);
				MARKETING_VERSION = 1.0;
				PRODUCT_BUNDLE_IDENTIFIER = BoardSolver.BoardSolver;
				PRODUCT_NAME = "$(TARGET_NAME)";
				SUPPORTED_PLATFORMS = "iphoneos iphonesimulator";
				SUPPORTS_MACCATALYST = NO;
				SUPPORTS_MAC_DESIGNED_FOR_IPHONE_IPAD = NO;
				SUPPORTS_XR_DESIGNED_FOR_IPHONE_IPAD = NO;
				SWIFT_EMIT_LOC_STRINGS = YES;
				SWIFT_VERSION = 5.0;
				TARGETED_DEVICE_FAMILY = 1;
			};
			name = Debug;
		};
		2E04BE622C0F978F004A775C /* Release */ = {
			isa = XCBuildConfiguration;
			buildSettings = {
				ASSETCATALOG_COMPILER_APPICON_NAME = AppIcon;
				ASSETCATALOG_COMPILER_GLOBAL_ACCENT_COLOR_NAME = AccentColor;
				CODE_SIGN_STYLE = Automatic;
				CURRENT_PROJECT_VERSION = 1;
				DEVELOPMENT_ASSET_PATHS = "\"Board Solver/Preview Content\"";
				DEVELOPMENT_TEAM = 97VF596VP5;
				ENABLE_PREVIEWS = YES;
				GENERATE_INFOPLIST_FILE = YES;
				INFOPLIST_FILE = "Board-Solver-Info.plist";
				INFOPLIST_KEY_NSCameraUsageDescription = "To scan game board";
				INFOPLIST_KEY_UIApplicationSceneManifest_Generation = YES;
				INFOPLIST_KEY_UIApplicationSupportsIndirectInputEvents = YES;
				INFOPLIST_KEY_UILaunchScreen_Generation = YES;
				INFOPLIST_KEY_UILaunchStoryboardName = LaunchScreen.storyboard;
				INFOPLIST_KEY_UISupportedInterfaceOrientations_iPad = "UIInterfaceOrientationPortrait UIInterfaceOrientationPortraitUpsideDown UIInterfaceOrientationLandscapeLeft UIInterfaceOrientationLandscapeRight";
				INFOPLIST_KEY_UISupportedInterfaceOrientations_iPhone = UIInterfaceOrientationPortrait;
				LD_RUNPATH_SEARCH_PATHS = (
					"$(inherited)",
					"@executable_path/Frameworks",
				);
				MARKETING_VERSION = 1.0;
				PRODUCT_BUNDLE_IDENTIFIER = BoardSolver.BoardSolver;
				PRODUCT_NAME = "$(TARGET_NAME)";
				SUPPORTED_PLATFORMS = "iphoneos iphonesimulator";
				SUPPORTS_MACCATALYST = NO;
				SUPPORTS_MAC_DESIGNED_FOR_IPHONE_IPAD = NO;
				SUPPORTS_XR_DESIGNED_FOR_IPHONE_IPAD = NO;
				SWIFT_EMIT_LOC_STRINGS = YES;
				SWIFT_VERSION = 5.0;
				TARGETED_DEVICE_FAMILY = 1;
			};
			name = Release;
		};
		2E04BE642C0F978F004A775C /* Debug */ = {
			isa = XCBuildConfiguration;
			buildSettings = {
				ALWAYS_EMBED_SWIFT_STANDARD_LIBRARIES = YES;
				BUNDLE_LOADER = "$(TEST_HOST)";
				CODE_SIGN_STYLE = Automatic;
				CURRENT_PROJECT_VERSION = 1;
				DEVELOPMENT_TEAM = 97VF596VP5;
				GENERATE_INFOPLIST_FILE = YES;
				IPHONEOS_DEPLOYMENT_TARGET = 17.2;
				MARKETING_VERSION = 1.0;
				PRODUCT_BUNDLE_IDENTIFIER = "BoardSolver.Board-SolverTests";
				PRODUCT_NAME = "$(TARGET_NAME)";
				SWIFT_EMIT_LOC_STRINGS = NO;
				SWIFT_VERSION = 5.0;
				TARGETED_DEVICE_FAMILY = "1,2";
				TEST_HOST = "$(BUILT_PRODUCTS_DIR)/Board Solver.app/$(BUNDLE_EXECUTABLE_FOLDER_PATH)/Board Solver";
			};
			name = Debug;
		};
		2E04BE652C0F978F004A775C /* Release */ = {
			isa = XCBuildConfiguration;
			buildSettings = {
				ALWAYS_EMBED_SWIFT_STANDARD_LIBRARIES = YES;
				BUNDLE_LOADER = "$(TEST_HOST)";
				CODE_SIGN_STYLE = Automatic;
				CURRENT_PROJECT_VERSION = 1;
				DEVELOPMENT_TEAM = 97VF596VP5;
				GENERATE_INFOPLIST_FILE = YES;
				IPHONEOS_DEPLOYMENT_TARGET = 17.2;
				MARKETING_VERSION = 1.0;
				PRODUCT_BUNDLE_IDENTIFIER = "BoardSolver.Board-SolverTests";
				PRODUCT_NAME = "$(TARGET_NAME)";
				SWIFT_EMIT_LOC_STRINGS = NO;
				SWIFT_VERSION = 5.0;
				TARGETED_DEVICE_FAMILY = "1,2";
				TEST_HOST = "$(BUILT_PRODUCTS_DIR)/Board Solver.app/$(BUNDLE_EXECUTABLE_FOLDER_PATH)/Board Solver";
			};
			name = Release;
		};
		2E04BE672C0F978F004A775C /* Debug */ = {
			isa = XCBuildConfiguration;
			buildSettings = {
				ALWAYS_EMBED_SWIFT_STANDARD_LIBRARIES = YES;
				CODE_SIGN_STYLE = Automatic;
				CURRENT_PROJECT_VERSION = 1;
				DEVELOPMENT_TEAM = 97VF596VP5;
				GENERATE_INFOPLIST_FILE = YES;
				MARKETING_VERSION = 1.0;
				PRODUCT_BUNDLE_IDENTIFIER = "BoardSolver.Board-SolverUITests";
				PRODUCT_NAME = "$(TARGET_NAME)";
				SWIFT_EMIT_LOC_STRINGS = NO;
				SWIFT_VERSION = 5.0;
				TARGETED_DEVICE_FAMILY = "1,2";
				TEST_TARGET_NAME = "Board Solver";
			};
			name = Debug;
		};
		2E04BE682C0F978F004A775C /* Release */ = {
			isa = XCBuildConfiguration;
			buildSettings = {
				ALWAYS_EMBED_SWIFT_STANDARD_LIBRARIES = YES;
				CODE_SIGN_STYLE = Automatic;
				CURRENT_PROJECT_VERSION = 1;
				DEVELOPMENT_TEAM = 97VF596VP5;
				GENERATE_INFOPLIST_FILE = YES;
				MARKETING_VERSION = 1.0;
				PRODUCT_BUNDLE_IDENTIFIER = "BoardSolver.Board-SolverUITests";
				PRODUCT_NAME = "$(TARGET_NAME)";
				SWIFT_EMIT_LOC_STRINGS = NO;
				SWIFT_VERSION = 5.0;
				TARGETED_DEVICE_FAMILY = "1,2";
				TEST_TARGET_NAME = "Board Solver";
			};
			name = Release;
		};
/* End XCBuildConfiguration section */

/* Begin XCConfigurationList section */
		2E04BE372C0F978D004A775C /* Build configuration list for PBXProject "Board Solver" */ = {
			isa = XCConfigurationList;
			buildConfigurations = (
				2E04BE5E2C0F978F004A775C /* Debug */,
				2E04BE5F2C0F978F004A775C /* Release */,
			);
			defaultConfigurationIsVisible = 0;
			defaultConfigurationName = Release;
		};
		2E04BE602C0F978F004A775C /* Build configuration list for PBXNativeTarget "Board Solver" */ = {
			isa = XCConfigurationList;
			buildConfigurations = (
				2E04BE612C0F978F004A775C /* Debug */,
				2E04BE622C0F978F004A775C /* Release */,
			);
			defaultConfigurationIsVisible = 0;
			defaultConfigurationName = Release;
		};
		2E04BE632C0F978F004A775C /* Build configuration list for PBXNativeTarget "Board SolverTests" */ = {
			isa = XCConfigurationList;
			buildConfigurations = (
				2E04BE642C0F978F004A775C /* Debug */,
				2E04BE652C0F978F004A775C /* Release */,
			);
			defaultConfigurationIsVisible = 0;
			defaultConfigurationName = Release;
		};
		2E04BE662C0F978F004A775C /* Build configuration list for PBXNativeTarget "Board SolverUITests" */ = {
			isa = XCConfigurationList;
			buildConfigurations = (
				2E04BE672C0F978F004A775C /* Debug */,
				2E04BE682C0F978F004A775C /* Release */,
			);
			defaultConfigurationIsVisible = 0;
			defaultConfigurationName = Release;
		};
/* End XCConfigurationList section */
	};
	rootObject = 2E04BE342C0F978D004A775C /* Project object */;
}
